
Microsoft Visual Studio Solution File, Format Version 12.00
# Visual Studio Version 17
VisualStudioVersion = 17.1.32210.238
MinimumVisualStudioVersion = 10.0.40219.1
Project("{8BC9CEB8-8B4A-11D0-8D11-00A0C91BC942}") = "ITMO.CppLearning", "ITMO.CppLearning.vcxproj", "{A3C477D2-936E-489A-85D7-A9CA2ABCE4A5}"
EndProject
Project("{8BC9CEB8-8B4A-11D0-8D11-00A0C91BC942}") = "Cpp_practice_1", "..\Cpp_practice_1\Cpp_practice_1.vcxproj", "{5F0F068E-3D4F-44B4-BA4A-64D9549B6972}"
EndProject
Project("{8BC9CEB8-8B4A-11D0-8D11-00A0C91BC942}") = "Cpp_practice_2", "..\Cpp_practice_2\Cpp_practice_2.vcxproj", "{BB9B2E50-0849-4D0C-8993-0D90C9A924F3}"
EndProject
Project("{8BC9CEB8-8B4A-11D0-8D11-00A0C91BC942}") = "Cpp_practice_3", "..\Cpp_practice_3\Cpp_practice_3.vcxproj", "{082B1F13-8D39-4B3F-B762-EECDD3CBDAFB}"
EndProject
Project("{8BC9CEB8-8B4A-11D0-8D11-00A0C91BC942}") = "Area_of_a_pentagon", "..\Area_of_a_pentagon\Area_of_a_pentagon.vcxproj", "{E600928D-964C-4BE6-9B2B-3B7F6D191C75}"
EndProject
Project("{8BC9CEB8-8B4A-11D0-8D11-00A0C91BC942}") = "Cpp_practice_2-1", "..\Cpp_practice_2-1\Cpp_practice_2-1.vcxproj", "{B720DCC0-5CA2-4633-A70A-28E191BF6EA0}"
EndProject
Project("{8BC9CEB8-8B4A-11D0-8D11-00A0C91BC942}") = "Cpp_practice_2-2", "..\Cpp_practice_2-2\Cpp_practice_2-2.vcxproj", "{C1AD2DD5-2E38-4627-AFEF-EB0D4FE37E44}"
EndProject
Project("{8BC9CEB8-8B4A-11D0-8D11-00A0C91BC942}") = "Cpp_practice_2-2-1", "..\Cpp_practice_2-2-1\Cpp_practice_2-2-1.vcxproj", "{416F3EA9-DE9B-4D65-9501-E63E826FE88F}"
EndProject
Project("{8BC9CEB8-8B4A-11D0-8D11-00A0C91BC942}") = "Cpp_practice_2-2-2", "..\Cpp_practice_2-2-2\Cpp_practice_2-2-2.vcxproj", "{29288A8E-38DE-4974-A323-E02F96F84253}"
EndProject
Project("{8BC9CEB8-8B4A-11D0-8D11-00A0C91BC942}") = "Cpp_practice_3-1", "..\Cpp_practice_3-1\Cpp_practice_3-1.vcxproj", "{1EE08B29-2F2C-4CC7-BE1C-A5EF52F4042D}"
EndProject
Project("{8BC9CEB8-8B4A-11D0-8D11-00A0C91BC942}") = "Target_shooting", "..\Target_shooting\Target_shooting.vcxproj", "{C09CAB97-B1B7-4A62-B92D-AAF7279BF043}"
EndProject
Project("{8BC9CEB8-8B4A-11D0-8D11-00A0C91BC942}") = "Cpp_practice_6-1", "..\Cpp_practice_6-1\Cpp_practice_6-1.vcxproj", "{FE8F3C43-2498-4638-BC97-BCF3DBF21586}"
EndProject
Project("{8BC9CEB8-8B4A-11D0-8D11-00A0C91BC942}") = "Cpp_Control_task_6", "..\Cpp_Control_task_6\Cpp_Control_task_6.vcxproj", "{B1F714D2-4E7E-48BA-87A4-E267A0DE59D7}"
EndProject
Project("{8BC9CEB8-8B4A-11D0-8D11-00A0C91BC942}") = "Cpp_Control_task_6-2", "..\Cpp_Control_task_6-2\Cpp_Control_task_6-2.vcxproj", "{3356A32C-EDF6-4827-9507-01B99432E500}"
EndProject
Project("{8BC9CEB8-8B4A-11D0-8D11-00A0C91BC942}") = "Cpp_practice_7-1", "..\Cpp_practice_7-1\Cpp_practice_7-1.vcxproj", "{430D93C4-73E7-43D9-A132-624AFB8C8972}"
EndProject
Project("{8BC9CEB8-8B4A-11D0-8D11-00A0C91BC942}") = "Cpp_practice_7-4", "..\Cpp_practice_7-4\Cpp_practice_7-4.vcxproj", "{CC950F9E-D8DF-44A1-86EE-D98434835FB3}"
EndProject
Project("{8BC9CEB8-8B4A-11D0-8D11-00A0C91BC942}") = "Cpp_Control_task_7", "..\Cpp_Control_task_7\Cpp_Control_task_7.vcxproj", "{64667201-05C1-4C80-B2EC-408B042A9F24}"
EndProject
Project("{8BC9CEB8-8B4A-11D0-8D11-00A0C91BC942}") = "Cpp_Control_task_7-2", "..\Cpp_Control_task_7-2\Cpp_Control_task_7-2.vcxproj", "{81F71D9F-6518-4BA3-A5CC-78FE1DF0D4DD}"
EndProject
Project("{8BC9CEB8-8B4A-11D0-8D11-00A0C91BC942}") = "Cpp_Control_task_7-3", "..\Cpp_Control_task_7-3\Cpp_Control_task_7-3.vcxproj", "{74C5DD01-E794-4261-BFE2-C87D09D78B74}"
EndProject
Project("{8BC9CEB8-8B4A-11D0-8D11-00A0C91BC942}") = "Cpp_Control_task_10", "..\Cpp_Control_task_10\Cpp_Control_task_10.vcxproj", "{70D8F5A1-6729-4F6A-B8F8-3BD37EE6E397}"
EndProject
Project("{8BC9CEB8-8B4A-11D0-8D11-00A0C91BC942}") = "SchoolCpp", "..\SchoolCpp\SchoolCpp.vcxproj", "{2881D9B3-EB35-4D4C-A1B5-20C1EBD0D590}"
EndProject
Project("{8BC9CEB8-8B4A-11D0-8D11-00A0C91BC942}") = "Cpp_practice_13", "..\Cpp_practice_13\Cpp_practice_13.vcxproj", "{66333B0D-1565-468B-9C7F-7AAB779D41DF}"
EndProject
Project("{8BC9CEB8-8B4A-11D0-8D11-00A0C91BC942}") = "Cpp_practice_14", "..\Cpp_practice_14\Cpp_practice_14.vcxproj", "{73B42EDD-5B35-4087-B754-331352762FF7}"
EndProject
Global
	GlobalSection(SolutionConfigurationPlatforms) = preSolution
		Debug|x64 = Debug|x64
		Debug|x86 = Debug|x86
		Release|x64 = Release|x64
		Release|x86 = Release|x86
	EndGlobalSection
	GlobalSection(ProjectConfigurationPlatforms) = postSolution
		{A3C477D2-936E-489A-85D7-A9CA2ABCE4A5}.Debug|x64.ActiveCfg = Debug|x64
		{A3C477D2-936E-489A-85D7-A9CA2ABCE4A5}.Debug|x64.Build.0 = Debug|x64
		{A3C477D2-936E-489A-85D7-A9CA2ABCE4A5}.Debug|x86.ActiveCfg = Debug|Win32
		{A3C477D2-936E-489A-85D7-A9CA2ABCE4A5}.Debug|x86.Build.0 = Debug|Win32
		{A3C477D2-936E-489A-85D7-A9CA2ABCE4A5}.Release|x64.ActiveCfg = Release|x64
		{A3C477D2-936E-489A-85D7-A9CA2ABCE4A5}.Release|x64.Build.0 = Release|x64
		{A3C477D2-936E-489A-85D7-A9CA2ABCE4A5}.Release|x86.ActiveCfg = Release|Win32
		{A3C477D2-936E-489A-85D7-A9CA2ABCE4A5}.Release|x86.Build.0 = Release|Win32
		{5F0F068E-3D4F-44B4-BA4A-64D9549B6972}.Debug|x64.ActiveCfg = Debug|x64
		{5F0F068E-3D4F-44B4-BA4A-64D9549B6972}.Debug|x64.Build.0 = Debug|x64
		{5F0F068E-3D4F-44B4-BA4A-64D9549B6972}.Debug|x86.ActiveCfg = Debug|Win32
		{5F0F068E-3D4F-44B4-BA4A-64D9549B6972}.Debug|x86.Build.0 = Debug|Win32
		{5F0F068E-3D4F-44B4-BA4A-64D9549B6972}.Release|x64.ActiveCfg = Release|x64
		{5F0F068E-3D4F-44B4-BA4A-64D9549B6972}.Release|x64.Build.0 = Release|x64
		{5F0F068E-3D4F-44B4-BA4A-64D9549B6972}.Release|x86.ActiveCfg = Release|Win32
		{5F0F068E-3D4F-44B4-BA4A-64D9549B6972}.Release|x86.Build.0 = Release|Win32
		{BB9B2E50-0849-4D0C-8993-0D90C9A924F3}.Debug|x64.ActiveCfg = Debug|x64
		{BB9B2E50-0849-4D0C-8993-0D90C9A924F3}.Debug|x64.Build.0 = Debug|x64
		{BB9B2E50-0849-4D0C-8993-0D90C9A924F3}.Debug|x86.ActiveCfg = Debug|Win32
		{BB9B2E50-0849-4D0C-8993-0D90C9A924F3}.Debug|x86.Build.0 = Debug|Win32
		{BB9B2E50-0849-4D0C-8993-0D90C9A924F3}.Release|x64.ActiveCfg = Release|x64
		{BB9B2E50-0849-4D0C-8993-0D90C9A924F3}.Release|x64.Build.0 = Release|x64
		{BB9B2E50-0849-4D0C-8993-0D90C9A924F3}.Release|x86.ActiveCfg = Release|Win32
		{BB9B2E50-0849-4D0C-8993-0D90C9A924F3}.Release|x86.Build.0 = Release|Win32
		{082B1F13-8D39-4B3F-B762-EECDD3CBDAFB}.Debug|x64.ActiveCfg = Debug|x64
		{082B1F13-8D39-4B3F-B762-EECDD3CBDAFB}.Debug|x64.Build.0 = Debug|x64
		{082B1F13-8D39-4B3F-B762-EECDD3CBDAFB}.Debug|x86.ActiveCfg = Debug|Win32
		{082B1F13-8D39-4B3F-B762-EECDD3CBDAFB}.Debug|x86.Build.0 = Debug|Win32
		{082B1F13-8D39-4B3F-B762-EECDD3CBDAFB}.Release|x64.ActiveCfg = Release|x64
		{082B1F13-8D39-4B3F-B762-EECDD3CBDAFB}.Release|x64.Build.0 = Release|x64
		{082B1F13-8D39-4B3F-B762-EECDD3CBDAFB}.Release|x86.ActiveCfg = Release|Win32
		{082B1F13-8D39-4B3F-B762-EECDD3CBDAFB}.Release|x86.Build.0 = Release|Win32
		{E600928D-964C-4BE6-9B2B-3B7F6D191C75}.Debug|x64.ActiveCfg = Debug|x64
		{E600928D-964C-4BE6-9B2B-3B7F6D191C75}.Debug|x64.Build.0 = Debug|x64
		{E600928D-964C-4BE6-9B2B-3B7F6D191C75}.Debug|x86.ActiveCfg = Debug|Win32
		{E600928D-964C-4BE6-9B2B-3B7F6D191C75}.Debug|x86.Build.0 = Debug|Win32
		{E600928D-964C-4BE6-9B2B-3B7F6D191C75}.Release|x64.ActiveCfg = Release|x64
		{E600928D-964C-4BE6-9B2B-3B7F6D191C75}.Release|x64.Build.0 = Release|x64
		{E600928D-964C-4BE6-9B2B-3B7F6D191C75}.Release|x86.ActiveCfg = Release|Win32
		{E600928D-964C-4BE6-9B2B-3B7F6D191C75}.Release|x86.Build.0 = Release|Win32
		{B720DCC0-5CA2-4633-A70A-28E191BF6EA0}.Debug|x64.ActiveCfg = Debug|x64
		{B720DCC0-5CA2-4633-A70A-28E191BF6EA0}.Debug|x64.Build.0 = Debug|x64
		{B720DCC0-5CA2-4633-A70A-28E191BF6EA0}.Debug|x86.ActiveCfg = Debug|Win32
		{B720DCC0-5CA2-4633-A70A-28E191BF6EA0}.Debug|x86.Build.0 = Debug|Win32
		{B720DCC0-5CA2-4633-A70A-28E191BF6EA0}.Release|x64.ActiveCfg = Release|x64
		{B720DCC0-5CA2-4633-A70A-28E191BF6EA0}.Release|x64.Build.0 = Release|x64
		{B720DCC0-5CA2-4633-A70A-28E191BF6EA0}.Release|x86.ActiveCfg = Release|Win32
		{B720DCC0-5CA2-4633-A70A-28E191BF6EA0}.Release|x86.Build.0 = Release|Win32
		{C1AD2DD5-2E38-4627-AFEF-EB0D4FE37E44}.Debug|x64.ActiveCfg = Debug|x64
		{C1AD2DD5-2E38-4627-AFEF-EB0D4FE37E44}.Debug|x64.Build.0 = Debug|x64
		{C1AD2DD5-2E38-4627-AFEF-EB0D4FE37E44}.Debug|x86.ActiveCfg = Debug|Win32
		{C1AD2DD5-2E38-4627-AFEF-EB0D4FE37E44}.Debug|x86.Build.0 = Debug|Win32
		{C1AD2DD5-2E38-4627-AFEF-EB0D4FE37E44}.Release|x64.ActiveCfg = Release|x64
		{C1AD2DD5-2E38-4627-AFEF-EB0D4FE37E44}.Release|x64.Build.0 = Release|x64
		{C1AD2DD5-2E38-4627-AFEF-EB0D4FE37E44}.Release|x86.ActiveCfg = Release|Win32
		{C1AD2DD5-2E38-4627-AFEF-EB0D4FE37E44}.Release|x86.Build.0 = Release|Win32
		{416F3EA9-DE9B-4D65-9501-E63E826FE88F}.Debug|x64.ActiveCfg = Debug|x64
		{416F3EA9-DE9B-4D65-9501-E63E826FE88F}.Debug|x64.Build.0 = Debug|x64
		{416F3EA9-DE9B-4D65-9501-E63E826FE88F}.Debug|x86.ActiveCfg = Debug|Win32
		{416F3EA9-DE9B-4D65-9501-E63E826FE88F}.Debug|x86.Build.0 = Debug|Win32
		{416F3EA9-DE9B-4D65-9501-E63E826FE88F}.Release|x64.ActiveCfg = Release|x64
		{416F3EA9-DE9B-4D65-9501-E63E826FE88F}.Release|x64.Build.0 = Release|x64
		{416F3EA9-DE9B-4D65-9501-E63E826FE88F}.Release|x86.ActiveCfg = Release|Win32
		{416F3EA9-DE9B-4D65-9501-E63E826FE88F}.Release|x86.Build.0 = Release|Win32
		{29288A8E-38DE-4974-A323-E02F96F84253}.Debug|x64.ActiveCfg = Debug|x64
		{29288A8E-38DE-4974-A323-E02F96F84253}.Debug|x64.Build.0 = Debug|x64
		{29288A8E-38DE-4974-A323-E02F96F84253}.Debug|x86.ActiveCfg = Debug|Win32
		{29288A8E-38DE-4974-A323-E02F96F84253}.Debug|x86.Build.0 = Debug|Win32
		{29288A8E-38DE-4974-A323-E02F96F84253}.Release|x64.ActiveCfg = Release|x64
		{29288A8E-38DE-4974-A323-E02F96F84253}.Release|x64.Build.0 = Release|x64
		{29288A8E-38DE-4974-A323-E02F96F84253}.Release|x86.ActiveCfg = Release|Win32
		{29288A8E-38DE-4974-A323-E02F96F84253}.Release|x86.Build.0 = Release|Win32
		{1EE08B29-2F2C-4CC7-BE1C-A5EF52F4042D}.Debug|x64.ActiveCfg = Debug|x64
		{1EE08B29-2F2C-4CC7-BE1C-A5EF52F4042D}.Debug|x64.Build.0 = Debug|x64
		{1EE08B29-2F2C-4CC7-BE1C-A5EF52F4042D}.Debug|x86.ActiveCfg = Debug|Win32
		{1EE08B29-2F2C-4CC7-BE1C-A5EF52F4042D}.Debug|x86.Build.0 = Debug|Win32
		{1EE08B29-2F2C-4CC7-BE1C-A5EF52F4042D}.Release|x64.ActiveCfg = Release|x64
		{1EE08B29-2F2C-4CC7-BE1C-A5EF52F4042D}.Release|x64.Build.0 = Release|x64
		{1EE08B29-2F2C-4CC7-BE1C-A5EF52F4042D}.Release|x86.ActiveCfg = Release|Win32
		{1EE08B29-2F2C-4CC7-BE1C-A5EF52F4042D}.Release|x86.Build.0 = Release|Win32
		{C09CAB97-B1B7-4A62-B92D-AAF7279BF043}.Debug|x64.ActiveCfg = Debug|x64
		{C09CAB97-B1B7-4A62-B92D-AAF7279BF043}.Debug|x64.Build.0 = Debug|x64
		{C09CAB97-B1B7-4A62-B92D-AAF7279BF043}.Debug|x86.ActiveCfg = Debug|Win32
		{C09CAB97-B1B7-4A62-B92D-AAF7279BF043}.Debug|x86.Build.0 = Debug|Win32
		{C09CAB97-B1B7-4A62-B92D-AAF7279BF043}.Release|x64.ActiveCfg = Release|x64
		{C09CAB97-B1B7-4A62-B92D-AAF7279BF043}.Release|x64.Build.0 = Release|x64
		{C09CAB97-B1B7-4A62-B92D-AAF7279BF043}.Release|x86.ActiveCfg = Release|Win32
		{C09CAB97-B1B7-4A62-B92D-AAF7279BF043}.Release|x86.Build.0 = Release|Win32
		{FE8F3C43-2498-4638-BC97-BCF3DBF21586}.Debug|x64.ActiveCfg = Debug|x64
		{FE8F3C43-2498-4638-BC97-BCF3DBF21586}.Debug|x64.Build.0 = Debug|x64
		{FE8F3C43-2498-4638-BC97-BCF3DBF21586}.Debug|x86.ActiveCfg = Debug|Win32
		{FE8F3C43-2498-4638-BC97-BCF3DBF21586}.Debug|x86.Build.0 = Debug|Win32
		{FE8F3C43-2498-4638-BC97-BCF3DBF21586}.Release|x64.ActiveCfg = Release|x64
		{FE8F3C43-2498-4638-BC97-BCF3DBF21586}.Release|x64.Build.0 = Release|x64
		{FE8F3C43-2498-4638-BC97-BCF3DBF21586}.Release|x86.ActiveCfg = Release|Win32
		{FE8F3C43-2498-4638-BC97-BCF3DBF21586}.Release|x86.Build.0 = Release|Win32
		{B1F714D2-4E7E-48BA-87A4-E267A0DE59D7}.Debug|x64.ActiveCfg = Debug|x64
		{B1F714D2-4E7E-48BA-87A4-E267A0DE59D7}.Debug|x64.Build.0 = Debug|x64
		{B1F714D2-4E7E-48BA-87A4-E267A0DE59D7}.Debug|x86.ActiveCfg = Debug|Win32
		{B1F714D2-4E7E-48BA-87A4-E267A0DE59D7}.Debug|x86.Build.0 = Debug|Win32
		{B1F714D2-4E7E-48BA-87A4-E267A0DE59D7}.Release|x64.ActiveCfg = Release|x64
		{B1F714D2-4E7E-48BA-87A4-E267A0DE59D7}.Release|x64.Build.0 = Release|x64
		{B1F714D2-4E7E-48BA-87A4-E267A0DE59D7}.Release|x86.ActiveCfg = Release|Win32
		{B1F714D2-4E7E-48BA-87A4-E267A0DE59D7}.Release|x86.Build.0 = Release|Win32
		{3356A32C-EDF6-4827-9507-01B99432E500}.Debug|x64.ActiveCfg = Debug|x64
		{3356A32C-EDF6-4827-9507-01B99432E500}.Debug|x64.Build.0 = Debug|x64
		{3356A32C-EDF6-4827-9507-01B99432E500}.Debug|x86.ActiveCfg = Debug|Win32
		{3356A32C-EDF6-4827-9507-01B99432E500}.Debug|x86.Build.0 = Debug|Win32
		{3356A32C-EDF6-4827-9507-01B99432E500}.Release|x64.ActiveCfg = Release|x64
		{3356A32C-EDF6-4827-9507-01B99432E500}.Release|x64.Build.0 = Release|x64
		{3356A32C-EDF6-4827-9507-01B99432E500}.Release|x86.ActiveCfg = Release|Win32
		{3356A32C-EDF6-4827-9507-01B99432E500}.Release|x86.Build.0 = Release|Win32
		{430D93C4-73E7-43D9-A132-624AFB8C8972}.Debug|x64.ActiveCfg = Debug|x64
		{430D93C4-73E7-43D9-A132-624AFB8C8972}.Debug|x64.Build.0 = Debug|x64
		{430D93C4-73E7-43D9-A132-624AFB8C8972}.Debug|x86.ActiveCfg = Debug|Win32
		{430D93C4-73E7-43D9-A132-624AFB8C8972}.Debug|x86.Build.0 = Debug|Win32
		{430D93C4-73E7-43D9-A132-624AFB8C8972}.Release|x64.ActiveCfg = Release|x64
		{430D93C4-73E7-43D9-A132-624AFB8C8972}.Release|x64.Build.0 = Release|x64
		{430D93C4-73E7-43D9-A132-624AFB8C8972}.Release|x86.ActiveCfg = Release|Win32
		{430D93C4-73E7-43D9-A132-624AFB8C8972}.Release|x86.Build.0 = Release|Win32
		{CC950F9E-D8DF-44A1-86EE-D98434835FB3}.Debug|x64.ActiveCfg = Debug|x64
		{CC950F9E-D8DF-44A1-86EE-D98434835FB3}.Debug|x64.Build.0 = Debug|x64
		{CC950F9E-D8DF-44A1-86EE-D98434835FB3}.Debug|x86.ActiveCfg = Debug|Win32
		{CC950F9E-D8DF-44A1-86EE-D98434835FB3}.Debug|x86.Build.0 = Debug|Win32
		{CC950F9E-D8DF-44A1-86EE-D98434835FB3}.Release|x64.ActiveCfg = Release|x64
		{CC950F9E-D8DF-44A1-86EE-D98434835FB3}.Release|x64.Build.0 = Release|x64
		{CC950F9E-D8DF-44A1-86EE-D98434835FB3}.Release|x86.ActiveCfg = Release|Win32
		{CC950F9E-D8DF-44A1-86EE-D98434835FB3}.Release|x86.Build.0 = Release|Win32
		{64667201-05C1-4C80-B2EC-408B042A9F24}.Debug|x64.ActiveCfg = Debug|x64
		{64667201-05C1-4C80-B2EC-408B042A9F24}.Debug|x64.Build.0 = Debug|x64
		{64667201-05C1-4C80-B2EC-408B042A9F24}.Debug|x86.ActiveCfg = Debug|Win32
		{64667201-05C1-4C80-B2EC-408B042A9F24}.Debug|x86.Build.0 = Debug|Win32
		{64667201-05C1-4C80-B2EC-408B042A9F24}.Release|x64.ActiveCfg = Release|x64
		{64667201-05C1-4C80-B2EC-408B042A9F24}.Release|x64.Build.0 = Release|x64
		{64667201-05C1-4C80-B2EC-408B042A9F24}.Release|x86.ActiveCfg = Release|Win32
		{64667201-05C1-4C80-B2EC-408B042A9F24}.Release|x86.Build.0 = Release|Win32
		{81F71D9F-6518-4BA3-A5CC-78FE1DF0D4DD}.Debug|x64.ActiveCfg = Debug|x64
		{81F71D9F-6518-4BA3-A5CC-78FE1DF0D4DD}.Debug|x64.Build.0 = Debug|x64
		{81F71D9F-6518-4BA3-A5CC-78FE1DF0D4DD}.Debug|x86.ActiveCfg = Debug|Win32
		{81F71D9F-6518-4BA3-A5CC-78FE1DF0D4DD}.Debug|x86.Build.0 = Debug|Win32
		{81F71D9F-6518-4BA3-A5CC-78FE1DF0D4DD}.Release|x64.ActiveCfg = Release|x64
		{81F71D9F-6518-4BA3-A5CC-78FE1DF0D4DD}.Release|x64.Build.0 = Release|x64
		{81F71D9F-6518-4BA3-A5CC-78FE1DF0D4DD}.Release|x86.ActiveCfg = Release|Win32
		{81F71D9F-6518-4BA3-A5CC-78FE1DF0D4DD}.Release|x86.Build.0 = Release|Win32
		{74C5DD01-E794-4261-BFE2-C87D09D78B74}.Debug|x64.ActiveCfg = Debug|x64
		{74C5DD01-E794-4261-BFE2-C87D09D78B74}.Debug|x64.Build.0 = Debug|x64
		{74C5DD01-E794-4261-BFE2-C87D09D78B74}.Debug|x86.ActiveCfg = Debug|Win32
		{74C5DD01-E794-4261-BFE2-C87D09D78B74}.Debug|x86.Build.0 = Debug|Win32
		{74C5DD01-E794-4261-BFE2-C87D09D78B74}.Release|x64.ActiveCfg = Release|x64
		{74C5DD01-E794-4261-BFE2-C87D09D78B74}.Release|x64.Build.0 = Release|x64
		{74C5DD01-E794-4261-BFE2-C87D09D78B74}.Release|x86.ActiveCfg = Release|Win32
		{74C5DD01-E794-4261-BFE2-C87D09D78B74}.Release|x86.Build.0 = Release|Win32
		{70D8F5A1-6729-4F6A-B8F8-3BD37EE6E397}.Debug|x64.ActiveCfg = Debug|x64
		{70D8F5A1-6729-4F6A-B8F8-3BD37EE6E397}.Debug|x64.Build.0 = Debug|x64
		{70D8F5A1-6729-4F6A-B8F8-3BD37EE6E397}.Debug|x86.ActiveCfg = Debug|Win32
		{70D8F5A1-6729-4F6A-B8F8-3BD37EE6E397}.Debug|x86.Build.0 = Debug|Win32
		{70D8F5A1-6729-4F6A-B8F8-3BD37EE6E397}.Release|x64.ActiveCfg = Release|x64
		{70D8F5A1-6729-4F6A-B8F8-3BD37EE6E397}.Release|x64.Build.0 = Release|x64
		{70D8F5A1-6729-4F6A-B8F8-3BD37EE6E397}.Release|x86.ActiveCfg = Release|Win32
		{70D8F5A1-6729-4F6A-B8F8-3BD37EE6E397}.Release|x86.Build.0 = Release|Win32
		{2881D9B3-EB35-4D4C-A1B5-20C1EBD0D590}.Debug|x64.ActiveCfg = Debug|x64
		{2881D9B3-EB35-4D4C-A1B5-20C1EBD0D590}.Debug|x64.Build.0 = Debug|x64
		{2881D9B3-EB35-4D4C-A1B5-20C1EBD0D590}.Debug|x86.ActiveCfg = Debug|Win32
		{2881D9B3-EB35-4D4C-A1B5-20C1EBD0D590}.Debug|x86.Build.0 = Debug|Win32
		{2881D9B3-EB35-4D4C-A1B5-20C1EBD0D590}.Release|x64.ActiveCfg = Release|x64
		{2881D9B3-EB35-4D4C-A1B5-20C1EBD0D590}.Release|x64.Build.0 = Release|x64
		{2881D9B3-EB35-4D4C-A1B5-20C1EBD0D590}.Release|x86.ActiveCfg = Release|Win32
		{2881D9B3-EB35-4D4C-A1B5-20C1EBD0D590}.Release|x86.Build.0 = Release|Win32
		{66333B0D-1565-468B-9C7F-7AAB779D41DF}.Debug|x64.ActiveCfg = Debug|x64
		{66333B0D-1565-468B-9C7F-7AAB779D41DF}.Debug|x64.Build.0 = Debug|x64
		{66333B0D-1565-468B-9C7F-7AAB779D41DF}.Debug|x86.ActiveCfg = Debug|Win32
		{66333B0D-1565-468B-9C7F-7AAB779D41DF}.Debug|x86.Build.0 = Debug|Win32
		{66333B0D-1565-468B-9C7F-7AAB779D41DF}.Release|x64.ActiveCfg = Release|x64
		{66333B0D-1565-468B-9C7F-7AAB779D41DF}.Release|x64.Build.0 = Release|x64
		{66333B0D-1565-468B-9C7F-7AAB779D41DF}.Release|x86.ActiveCfg = Release|Win32
		{66333B0D-1565-468B-9C7F-7AAB779D41DF}.Release|x86.Build.0 = Release|Win32
		{73B42EDD-5B35-4087-B754-331352762FF7}.Debug|x64.ActiveCfg = Debug|x64
		{73B42EDD-5B35-4087-B754-331352762FF7}.Debug|x64.Build.0 = Debug|x64
		{73B42EDD-5B35-4087-B754-331352762FF7}.Debug|x86.ActiveCfg = Debug|Win32
		{73B42EDD-5B35-4087-B754-331352762FF7}.Debug|x86.Build.0 = Debug|Win32
		{73B42EDD-5B35-4087-B754-331352762FF7}.Release|x64.ActiveCfg = Release|x64
		{73B42EDD-5B35-4087-B754-331352762FF7}.Release|x64.Build.0 = Release|x64
		{73B42EDD-5B35-4087-B754-331352762FF7}.Release|x86.ActiveCfg = Release|Win32
		{73B42EDD-5B35-4087-B754-331352762FF7}.Release|x86.Build.0 = Release|Win32
	EndGlobalSection
	GlobalSection(SolutionProperties) = preSolution
		HideSolutionNode = FALSE
	EndGlobalSection
	GlobalSection(ExtensibilityGlobals) = postSolution
		SolutionGuid = {03FBE3DB-F961-43BF-AC72-5EC63B52A944}
	EndGlobalSection
EndGlobal
